<?xml version="1.0" encoding="utf-8"?>
<Project ToolsVersion="4.0" xmlns="http://schemas.microsoft.com/developer/msbuild/2003">
  <ItemGroup>
    <ClCompile Include="Source Code\Application.cpp">
      <Filter>Source Code</Filter>
    </ClCompile>
    <ClCompile Include="Source Code\Dependencies\ImGui\imgui.cpp">
      <Filter>External Libraries\ImGui</Filter>
    </ClCompile>
    <ClCompile Include="Source Code\Dependencies\ImGui\imgui_demo.cpp">
      <Filter>External Libraries\ImGui</Filter>
    </ClCompile>
    <ClCompile Include="Source Code\Dependencies\ImGui\imgui_draw.cpp">
      <Filter>External Libraries\ImGui</Filter>
    </ClCompile>
    <ClCompile Include="Source Code\Dependencies\ImGui\imgui_impl_opengl3.cpp">
      <Filter>External Libraries\ImGui</Filter>
    </ClCompile>
    <ClCompile Include="Source Code\Dependencies\ImGui\imgui_impl_sdl.cpp">
      <Filter>External Libraries\ImGui</Filter>
    </ClCompile>
    <ClCompile Include="Source Code\Dependencies\ImGui\imgui_widgets.cpp">
      <Filter>External Libraries\ImGui</Filter>
    </ClCompile>
    <ClCompile Include="Source Code\Color.cpp">
      <Filter>Source Code\Containers</Filter>
    </ClCompile>
    <ClCompile Include="Source Code\glmath.cpp">
      <Filter>Source Code\Math</Filter>
    </ClCompile>
    <ClCompile Include="Source Code\Light.cpp">
      <Filter>Source Code\Tools</Filter>
    </ClCompile>
    <ClCompile Include="Source Code\Main.cpp">
      <Filter>Source Code</Filter>
    </ClCompile>
    <ClCompile Include="Source Code\ModuleCamera3D.cpp">
      <Filter>Source Code\Modules</Filter>
    </ClCompile>
    <ClCompile Include="Source Code\ModuleInput.cpp">
      <Filter>Source Code\Modules</Filter>
    </ClCompile>
    <ClCompile Include="Source Code\ModuleRenderer3D.cpp">
      <Filter>Source Code\Modules</Filter>
    </ClCompile>
    <ClCompile Include="Source Code\ModuleWindow.cpp">
      <Filter>Source Code\Modules</Filter>
    </ClCompile>
    <ClCompile Include="Source Code\Primitive.cpp">
      <Filter>Source Code\Utils</Filter>
    </ClCompile>
    <ClCompile Include="Source Code\Timer.cpp">
      <Filter>Source Code\Utils</Filter>
    </ClCompile>
    <ClCompile Include="Source Code\ModuleUI.cpp">
      <Filter>Source Code\Modules</Filter>
    </ClCompile>
    <ClCompile Include="Source Code\Dependencies\parson\parson.c">
      <Filter>External Libraries\parson</Filter>
    </ClCompile>
    <ClCompile Include="Source Code\ModuleImporter.cpp">
      <Filter>Source Code\Modules</Filter>
    </ClCompile>
    <ClCompile Include="Source Code\Component.cpp">
      <Filter>Source Code\GameObjects</Filter>
    </ClCompile>
    <ClCompile Include="Source Code\ModuleScene.cpp">
      <Filter>Source Code\Modules</Filter>
    </ClCompile>
    <ClCompile Include="Source Code\log.cpp">
      <Filter>Source Code\Tools</Filter>
    </ClCompile>
    <ClCompile Include="Source Code\c_Material.cpp">
      <Filter>Source Code\GameObjects\Components</Filter>
    </ClCompile>
    <ClCompile Include="Source Code\c_Transform.cpp">
      <Filter>Source Code\GameObjects\Components</Filter>
    </ClCompile>
    <ClCompile Include="Source Code\c_Mesh.cpp">
      <Filter>Source Code\GameObjects\Components</Filter>
    </ClCompile>
    <ClCompile Include="Source Code\ModuleFileSystem.cpp">
      <Filter>Source Code\Modules</Filter>
    </ClCompile>
    <ClCompile Include="Source Code\JSONParser.cpp">
      <Filter>Source Code\Tools</Filter>
    </ClCompile>
    <ClCompile Include="Source Code\GameObject.cpp">
      <Filter>Source Code\GameObjects</Filter>
    </ClCompile>
    <ClCompile Include="Source Code\c_Camera.cpp">
      <Filter>Source Code\GameObjects\Components</Filter>
    </ClCompile>
    <ClCompile Include="Source Code\ModuleResources.cpp">
      <Filter>Source Code\Modules</Filter>
    </ClCompile>
    <ClCompile Include="Source Code\ResourceBase.cpp">
      <Filter>Source Code\GameObjects\Resources</Filter>
    </ClCompile>
    <ClCompile Include="Source Code\ImCurveEdit.cpp" />
    <ClCompile Include="Source Code\ImGradient.cpp" />
    <ClCompile Include="Source Code\ImGuizmo.cpp" />
    <ClCompile Include="Source Code\ImSequencer.cpp" />
    <ClCompile Include="Source Code\Resource.cpp" />
    <ClCompile Include="Source Code\ResourceMesh.cpp" />
    <ClCompile Include="Source Code\Dependencies\MathGeoLib\include\Algorithm\GJK.cpp">
      <Filter>MathGeoLib\Algorithm</Filter>
    </ClCompile>
    <ClCompile Include="Source Code\Dependencies\MathGeoLib\include\Algorithm\GJK2D.cpp">
      <Filter>MathGeoLib\Algorithm</Filter>
    </ClCompile>
    <ClCompile Include="Source Code\Dependencies\MathGeoLib\include\Algorithm\SAT.cpp">
      <Filter>MathGeoLib\Algorithm</Filter>
    </ClCompile>
    <ClCompile Include="Source Code\Dependencies\MathGeoLib\include\Algorithm\Random\LCG.cpp">
      <Filter>MathGeoLib\Algorithm\Random</Filter>
    </ClCompile>
    <ClCompile Include="Source Code\Dependencies\MathGeoLib\include\Geometry\AABB.cpp">
      <Filter>MathGeoLib\Geometry</Filter>
    </ClCompile>
    <ClCompile Include="Source Code\Dependencies\MathGeoLib\include\Geometry\Capsule.cpp">
      <Filter>MathGeoLib\Geometry</Filter>
    </ClCompile>
    <ClCompile Include="Source Code\Dependencies\MathGeoLib\include\Geometry\Circle.cpp">
      <Filter>MathGeoLib\Geometry</Filter>
    </ClCompile>
    <ClCompile Include="Source Code\Dependencies\MathGeoLib\include\Geometry\Circle2D.cpp">
      <Filter>MathGeoLib\Geometry</Filter>
    </ClCompile>
    <ClCompile Include="Source Code\Dependencies\MathGeoLib\include\Geometry\Frustum.cpp">
      <Filter>MathGeoLib\Geometry</Filter>
    </ClCompile>
    <ClCompile Include="Source Code\Dependencies\MathGeoLib\include\Geometry\Line.cpp">
      <Filter>MathGeoLib\Geometry</Filter>
    </ClCompile>
    <ClCompile Include="Source Code\Dependencies\MathGeoLib\include\Geometry\LineSegment.cpp">
      <Filter>MathGeoLib\Geometry</Filter>
    </ClCompile>
    <ClCompile Include="Source Code\Dependencies\MathGeoLib\include\Geometry\LineSegment2D.cpp">
      <Filter>MathGeoLib\Geometry</Filter>
    </ClCompile>
    <ClCompile Include="Source Code\Dependencies\MathGeoLib\include\Geometry\OBB.cpp">
      <Filter>MathGeoLib\Geometry</Filter>
    </ClCompile>
    <ClCompile Include="Source Code\Dependencies\MathGeoLib\include\Geometry\PBVolume.cpp">
      <Filter>MathGeoLib\Geometry</Filter>
    </ClCompile>
    <ClCompile Include="Source Code\Dependencies\MathGeoLib\include\Geometry\Plane.cpp">
      <Filter>MathGeoLib\Geometry</Filter>
    </ClCompile>
    <ClCompile Include="Source Code\Dependencies\MathGeoLib\include\Geometry\Polygon.cpp">
      <Filter>MathGeoLib\Geometry</Filter>
    </ClCompile>
    <ClCompile Include="Source Code\Dependencies\MathGeoLib\include\Geometry\Polyhedron.cpp">
      <Filter>MathGeoLib\Geometry</Filter>
    </ClCompile>
    <ClCompile Include="Source Code\Dependencies\MathGeoLib\include\Geometry\Ray.cpp">
      <Filter>MathGeoLib\Geometry</Filter>
    </ClCompile>
    <ClCompile Include="Source Code\Dependencies\MathGeoLib\include\Geometry\Sphere.cpp">
      <Filter>MathGeoLib\Geometry</Filter>
    </ClCompile>
    <ClCompile Include="Source Code\Dependencies\MathGeoLib\include\Geometry\Triangle.cpp">
      <Filter>MathGeoLib\Geometry</Filter>
    </ClCompile>
    <ClCompile Include="Source Code\Dependencies\MathGeoLib\include\Geometry\Triangle2D.cpp">
      <Filter>MathGeoLib\Geometry</Filter>
    </ClCompile>
    <ClCompile Include="Source Code\Dependencies\MathGeoLib\include\Geometry\TriangleMesh.cpp">
      <Filter>MathGeoLib\Geometry</Filter>
    </ClCompile>
    <ClCompile Include="Source Code\Dependencies\MathGeoLib\include\Math\BitOps.cpp">
      <Filter>MathGeoLib\Math</Filter>
    </ClCompile>
    <ClCompile Include="Source Code\Dependencies\MathGeoLib\include\Math\Callstack.cpp">
      <Filter>MathGeoLib\Math</Filter>
    </ClCompile>
    <ClCompile Include="Source Code\Dependencies\MathGeoLib\include\Math\float2.cpp">
      <Filter>MathGeoLib\Math</Filter>
    </ClCompile>
    <ClCompile Include="Source Code\Dependencies\MathGeoLib\include\Math\float3.cpp">
      <Filter>MathGeoLib\Math</Filter>
    </ClCompile>
    <ClCompile Include="Source Code\Dependencies\MathGeoLib\include\Math\float3x3.cpp">
      <Filter>MathGeoLib\Math</Filter>
    </ClCompile>
    <ClCompile Include="Source Code\Dependencies\MathGeoLib\include\Math\float3x4.cpp">
      <Filter>MathGeoLib\Math</Filter>
    </ClCompile>
    <ClCompile Include="Source Code\Dependencies\MathGeoLib\include\Math\float4.cpp">
      <Filter>MathGeoLib\Math</Filter>
    </ClCompile>
    <ClCompile Include="Source Code\Dependencies\MathGeoLib\include\Math\float4d.cpp">
      <Filter>MathGeoLib\Math</Filter>
    </ClCompile>
    <ClCompile Include="Source Code\Dependencies\MathGeoLib\include\Math\float4x4.cpp">
      <Filter>MathGeoLib\Math</Filter>
    </ClCompile>
    <ClCompile Include="Source Code\Dependencies\MathGeoLib\include\Math\grisu3.c">
      <Filter>MathGeoLib\Math</Filter>
    </ClCompile>
    <ClCompile Include="Source Code\Dependencies\MathGeoLib\include\Math\grisu3_cpp.cpp">
      <Filter>MathGeoLib\Math</Filter>
    </ClCompile>
    <ClCompile Include="Source Code\Dependencies\MathGeoLib\include\Math\MathFunc.cpp">
      <Filter>MathGeoLib\Math</Filter>
    </ClCompile>
    <ClCompile Include="Source Code\Dependencies\MathGeoLib\include\Math\MathLog.cpp">
      <Filter>MathGeoLib\Math</Filter>
    </ClCompile>
    <ClCompile Include="Source Code\Dependencies\MathGeoLib\include\Math\MathOps.cpp">
      <Filter>MathGeoLib\Math</Filter>
    </ClCompile>
    <ClCompile Include="Source Code\Dependencies\MathGeoLib\include\Math\MiniFloat.cpp">
      <Filter>MathGeoLib\Math</Filter>
    </ClCompile>
    <ClCompile Include="Source Code\Dependencies\MathGeoLib\include\Math\Polynomial.cpp">
      <Filter>MathGeoLib\Math</Filter>
    </ClCompile>
    <ClCompile Include="Source Code\Dependencies\MathGeoLib\include\Math\Quat.cpp">
      <Filter>MathGeoLib\Math</Filter>
    </ClCompile>
    <ClCompile Include="Source Code\Dependencies\MathGeoLib\include\Math\SSEMath.cpp">
      <Filter>MathGeoLib\Math</Filter>
    </ClCompile>
    <ClCompile Include="Source Code\Dependencies\MathGeoLib\include\Math\TransformOps.cpp">
      <Filter>MathGeoLib\Math</Filter>
    </ClCompile>
    <ClCompile Include="Source Code\Dependencies\MathGeoLib\include\Time\Clock.cpp">
      <Filter>MathGeoLib\Time</Filter>
    </ClCompile>
  </ItemGroup>
  <ItemGroup>
    <ClInclude Include="Source Code\Application.h">
      <Filter>Source Code</Filter>
    </ClInclude>
    <ClInclude Include="Source Code\Dependencies\ImGui\imconfig.h">
      <Filter>External Libraries\ImGui</Filter>
    </ClInclude>
    <ClInclude Include="Source Code\Dependencies\ImGui\imgui.h">
      <Filter>External Libraries\ImGui</Filter>
    </ClInclude>
    <ClInclude Include="Source Code\Dependencies\ImGui\imgui_impl_opengl3.h">
      <Filter>External Libraries\ImGui</Filter>
    </ClInclude>
    <ClInclude Include="Source Code\Dependencies\ImGui\imgui_impl_sdl.h">
      <Filter>External Libraries\ImGui</Filter>
    </ClInclude>
    <ClInclude Include="Source Code\Dependencies\ImGui\imgui_internal.h">
      <Filter>External Libraries\ImGui</Filter>
    </ClInclude>
    <ClInclude Include="Source Code\Dependencies\ImGui\imstb_rectpack.h">
      <Filter>External Libraries\ImGui</Filter>
    </ClInclude>
    <ClInclude Include="Source Code\Dependencies\ImGui\imstb_textedit.h">
      <Filter>External Libraries\ImGui</Filter>
    </ClInclude>
    <ClInclude Include="Source Code\Dependencies\ImGui\imstb_truetype.h">
      <Filter>External Libraries\ImGui</Filter>
    </ClInclude>
    <ClInclude Include="Source Code\Color.h">
      <Filter>Source Code\Containers</Filter>
    </ClInclude>
    <ClInclude Include="Source Code\glmath.h">
      <Filter>Source Code\Math</Filter>
    </ClInclude>
    <ClInclude Include="Source Code\Globals.h">
      <Filter>Source Code</Filter>
    </ClInclude>
    <ClInclude Include="Source Code\Light.h">
      <Filter>Source Code\Tools</Filter>
    </ClInclude>
    <ClInclude Include="Source Code\Module.h">
      <Filter>Source Code\Modules</Filter>
    </ClInclude>
    <ClInclude Include="Source Code\ModuleCamera3D.h">
      <Filter>Source Code\Modules</Filter>
    </ClInclude>
    <ClInclude Include="Source Code\ModuleInput.h">
      <Filter>Source Code\Modules</Filter>
    </ClInclude>
    <ClInclude Include="Source Code\ModuleRenderer3D.h">
      <Filter>Source Code\Modules</Filter>
    </ClInclude>
    <ClInclude Include="Source Code\ModuleWindow.h">
      <Filter>Source Code\Modules</Filter>
    </ClInclude>
    <ClInclude Include="Source Code\Primitive.h">
      <Filter>Source Code\Utils</Filter>
    </ClInclude>
    <ClInclude Include="Source Code\Timer.h">
      <Filter>Source Code\Utils</Filter>
    </ClInclude>
    <ClInclude Include="Source Code\ModuleUI.h">
      <Filter>Source Code\Modules</Filter>
    </ClInclude>
    <ClInclude Include="Source Code\OpenGl.h">
      <Filter>Source Code</Filter>
    </ClInclude>
    <ClInclude Include="Source Code\Dependencies\parson\parson.h">
      <Filter>External Libraries\parson</Filter>
    </ClInclude>
    <ClInclude Include="Source Code\ModuleImporter.h">
      <Filter>Source Code\Modules</Filter>
    </ClInclude>
    <ClInclude Include="Source Code\GameObject.h">
      <Filter>Source Code\GameObjects</Filter>
    </ClInclude>
    <ClInclude Include="Source Code\Component.h">
      <Filter>Source Code\GameObjects</Filter>
    </ClInclude>
    <ClInclude Include="Source Code\ModuleScene.h">
      <Filter>Source Code\Modules</Filter>
    </ClInclude>
    <ClInclude Include="Source Code\c_Material.h">
      <Filter>Source Code\GameObjects\Components</Filter>
    </ClInclude>
    <ClInclude Include="Source Code\c_Transform.h">
      <Filter>Source Code\GameObjects\Components</Filter>
    </ClInclude>
    <ClInclude Include="Source Code\c_Mesh.h">
      <Filter>Source Code\GameObjects\Components</Filter>
    </ClInclude>
    <ClInclude Include="Source Code\ComponentData.h">
      <Filter>Source Code\GameObjects</Filter>
    </ClInclude>
    <ClInclude Include="Source Code\MeshData.h">
      <Filter>Source Code\GameObjects\ComponentData</Filter>
    </ClInclude>
    <ClInclude Include="Source Code\MaterialData.h">
      <Filter>Source Code\GameObjects\ComponentData</Filter>
    </ClInclude>
    <ClInclude Include="Source Code\Random.h">
      <Filter>Source Code\Tools</Filter>
    </ClInclude>
    <ClInclude Include="Source Code\Dependencies\PhysFS\include\physfs.h">
      <Filter>External Libraries\PhysFS</Filter>
    </ClInclude>
    <ClInclude Include="Source Code\PathNode.h">
      <Filter>Source Code\Containers</Filter>
    </ClInclude>
    <ClInclude Include="Source Code\ModuleFileSystem.h">
      <Filter>Source Code\Modules</Filter>
    </ClInclude>
    <ClInclude Include="Source Code\TransformData.h">
      <Filter>Source Code\GameObjects\ComponentData</Filter>
    </ClInclude>
    <ClInclude Include="Source Code\model.h">
      <Filter>Source Code\Importers</Filter>
    </ClInclude>
    <ClInclude Include="Source Code\JSONParser.h">
      <Filter>Source Code\Tools</Filter>
    </ClInclude>
    <ClInclude Include="Source Code\c_Camera.h">
      <Filter>Source Code\GameObjects\Components</Filter>
    </ClInclude>
    <ClInclude Include="Source Code\ModuleResources.h">
      <Filter>Source Code\Modules</Filter>
    </ClInclude>
    <ClInclude Include="Source Code\ResourceBase.h">
      <Filter>Source Code\GameObjects\Resources</Filter>
    </ClInclude>
    <ClInclude Include="Source Code\ImCurveEdit.h" />
    <ClInclude Include="Source Code\ImGradient.h" />
    <ClInclude Include="Source Code\ImGuizmo.h" />
    <ClInclude Include="Source Code\ImSequencer.h" />
    <ClInclude Include="Source Code\ImZoomSlider.h" />
    <ClInclude Include="Source Code\Resource.h" />
    <ClInclude Include="Source Code\ResourceMesh.h" />
    <ClInclude Include="Source Code\Dependencies\MathGeoLib\include\MathBuildConfig.h">
      <Filter>MathGeoLib</Filter>
    </ClInclude>
    <ClInclude Include="Source Code\Dependencies\MathGeoLib\include\MathGeoLib.h">
      <Filter>MathGeoLib</Filter>
    </ClInclude>
    <ClInclude Include="Source Code\Dependencies\MathGeoLib\include\MathGeoLibFwd.h">
      <Filter>MathGeoLib</Filter>
    </ClInclude>
    <ClInclude Include="Source Code\Dependencies\MathGeoLib\include\MathWarnings.h">
      <Filter>MathGeoLib</Filter>
    </ClInclude>
    <ClInclude Include="Source Code\Dependencies\MathGeoLib\include\Algorithm\GJK.h">
      <Filter>MathGeoLib\Algorithm</Filter>
    </ClInclude>
    <ClInclude Include="Source Code\Dependencies\MathGeoLib\include\Algorithm\GJK2D.h">
      <Filter>MathGeoLib\Algorithm</Filter>
    </ClInclude>
    <ClInclude Include="Source Code\Dependencies\MathGeoLib\include\Algorithm\SAT.h">
      <Filter>MathGeoLib\Algorithm</Filter>
    </ClInclude>
    <ClInclude Include="Source Code\Dependencies\MathGeoLib\include\Algorithm\Random\LCG.h">
      <Filter>MathGeoLib\Algorithm\Random</Filter>
    </ClInclude>
    <ClInclude Include="Source Code\Dependencies\MathGeoLib\include\Geometry\AABB.h">
      <Filter>MathGeoLib\Geometry</Filter>
    </ClInclude>
    <ClInclude Include="Source Code\Dependencies\MathGeoLib\include\Geometry\AABB2D.h">
      <Filter>MathGeoLib\Geometry</Filter>
    </ClInclude>
    <ClInclude Include="Source Code\Dependencies\MathGeoLib\include\Geometry\Capsule.h">
      <Filter>MathGeoLib\Geometry</Filter>
    </ClInclude>
    <ClInclude Include="Source Code\Dependencies\MathGeoLib\include\Geometry\Circle.h">
      <Filter>MathGeoLib\Geometry</Filter>
    </ClInclude>
    <ClInclude Include="Source Code\Dependencies\MathGeoLib\include\Geometry\Circle2D.h">
      <Filter>MathGeoLib\Geometry</Filter>
    </ClInclude>
    <ClInclude Include="Source Code\Dependencies\MathGeoLib\include\Geometry\Frustum.h">
      <Filter>MathGeoLib\Geometry</Filter>
    </ClInclude>
    <ClInclude Include="Source Code\Dependencies\MathGeoLib\include\Geometry\GeometryAll.h">
      <Filter>MathGeoLib\Geometry</Filter>
    </ClInclude>
    <ClInclude Include="Source Code\Dependencies\MathGeoLib\include\Geometry\GeomType.h">
      <Filter>MathGeoLib\Geometry</Filter>
    </ClInclude>
    <ClInclude Include="Source Code\Dependencies\MathGeoLib\include\Geometry\HitInfo.h">
      <Filter>MathGeoLib\Geometry</Filter>
    </ClInclude>
    <ClInclude Include="Source Code\Dependencies\MathGeoLib\include\Geometry\KDTree.h">
      <Filter>MathGeoLib\Geometry</Filter>
    </ClInclude>
    <ClInclude Include="Source Code\Dependencies\MathGeoLib\include\Geometry\Line.h">
      <Filter>MathGeoLib\Geometry</Filter>
    </ClInclude>
    <ClInclude Include="Source Code\Dependencies\MathGeoLib\include\Geometry\LineSegment.h">
      <Filter>MathGeoLib\Geometry</Filter>
    </ClInclude>
    <ClInclude Include="Source Code\Dependencies\MathGeoLib\include\Geometry\LineSegment2D.h">
      <Filter>MathGeoLib\Geometry</Filter>
    </ClInclude>
    <ClInclude Include="Source Code\Dependencies\MathGeoLib\include\Geometry\OBB.h">
      <Filter>MathGeoLib\Geometry</Filter>
    </ClInclude>
    <ClInclude Include="Source Code\Dependencies\MathGeoLib\include\Geometry\OBB2D.h">
      <Filter>MathGeoLib\Geometry</Filter>
    </ClInclude>
    <ClInclude Include="Source Code\Dependencies\MathGeoLib\include\Geometry\PBVolume.h">
      <Filter>MathGeoLib\Geometry</Filter>
    </ClInclude>
    <ClInclude Include="Source Code\Dependencies\MathGeoLib\include\Geometry\Plane.h">
      <Filter>MathGeoLib\Geometry</Filter>
    </ClInclude>
    <ClInclude Include="Source Code\Dependencies\MathGeoLib\include\Geometry\Polygon.h">
      <Filter>MathGeoLib\Geometry</Filter>
    </ClInclude>
    <ClInclude Include="Source Code\Dependencies\MathGeoLib\include\Geometry\Polygon2DRef.h">
      <Filter>MathGeoLib\Geometry</Filter>
    </ClInclude>
    <ClInclude Include="Source Code\Dependencies\MathGeoLib\include\Geometry\Polyhedron.h">
      <Filter>MathGeoLib\Geometry</Filter>
    </ClInclude>
    <ClInclude Include="Source Code\Dependencies\MathGeoLib\include\Geometry\QuadTree.h">
      <Filter>MathGeoLib\Geometry</Filter>
    </ClInclude>
    <ClInclude Include="Source Code\Dependencies\MathGeoLib\include\Geometry\Ray.h">
      <Filter>MathGeoLib\Geometry</Filter>
    </ClInclude>
    <ClInclude Include="Source Code\Dependencies\MathGeoLib\include\Geometry\Sphere.h">
      <Filter>MathGeoLib\Geometry</Filter>
    </ClInclude>
    <ClInclude Include="Source Code\Dependencies\MathGeoLib\include\Geometry\Triangle.h">
      <Filter>MathGeoLib\Geometry</Filter>
    </ClInclude>
    <ClInclude Include="Source Code\Dependencies\MathGeoLib\include\Geometry\Triangle2D.h">
      <Filter>MathGeoLib\Geometry</Filter>
    </ClInclude>
    <ClInclude Include="Source Code\Dependencies\MathGeoLib\include\Geometry\TriangleMesh.h">
      <Filter>MathGeoLib\Geometry</Filter>
    </ClInclude>
    <ClInclude Include="Source Code\Dependencies\MathGeoLib\include\Math\assume.h">
      <Filter>MathGeoLib\Math</Filter>
    </ClInclude>
    <ClInclude Include="Source Code\Dependencies\MathGeoLib\include\Math\BitFuncs.h">
      <Filter>MathGeoLib\Math</Filter>
    </ClInclude>
    <ClInclude Include="Source Code\Dependencies\MathGeoLib\include\Math\BitOps.h">
      <Filter>MathGeoLib\Math</Filter>
    </ClInclude>
    <ClInclude Include="Source Code\Dependencies\MathGeoLib\include\Math\Callstack.h">
      <Filter>MathGeoLib\Math</Filter>
    </ClInclude>
    <ClInclude Include="Source Code\Dependencies\MathGeoLib\include\Math\FixedPoint.h">
      <Filter>MathGeoLib\Math</Filter>
    </ClInclude>
    <ClInclude Include="Source Code\Dependencies\MathGeoLib\include\Math\float2.h">
      <Filter>MathGeoLib\Math</Filter>
    </ClInclude>
    <ClInclude Include="Source Code\Dependencies\MathGeoLib\include\Math\float3.h">
      <Filter>MathGeoLib\Math</Filter>
    </ClInclude>
    <ClInclude Include="Source Code\Dependencies\MathGeoLib\include\Math\float3x3.h">
      <Filter>MathGeoLib\Math</Filter>
    </ClInclude>
    <ClInclude Include="Source Code\Dependencies\MathGeoLib\include\Math\float3x4.h">
      <Filter>MathGeoLib\Math</Filter>
    </ClInclude>
    <ClInclude Include="Source Code\Dependencies\MathGeoLib\include\Math\float4.h">
      <Filter>MathGeoLib\Math</Filter>
    </ClInclude>
    <ClInclude Include="Source Code\Dependencies\MathGeoLib\include\Math\float4_neon.h">
      <Filter>MathGeoLib\Math</Filter>
    </ClInclude>
    <ClInclude Include="Source Code\Dependencies\MathGeoLib\include\Math\float4_sse.h">
      <Filter>MathGeoLib\Math</Filter>
    </ClInclude>
    <ClInclude Include="Source Code\Dependencies\MathGeoLib\include\Math\float4d.h">
      <Filter>MathGeoLib\Math</Filter>
    </ClInclude>
    <ClInclude Include="Source Code\Dependencies\MathGeoLib\include\Math\float4x4.h">
      <Filter>MathGeoLib\Math</Filter>
    </ClInclude>
    <ClInclude Include="Source Code\Dependencies\MathGeoLib\include\Math\float4x4_neon.h">
      <Filter>MathGeoLib\Math</Filter>
    </ClInclude>
    <ClInclude Include="Source Code\Dependencies\MathGeoLib\include\Math\float4x4_sse.h">
      <Filter>MathGeoLib\Math</Filter>
    </ClInclude>
    <ClInclude Include="Source Code\Dependencies\MathGeoLib\include\Math\FloatCmp.h">
      <Filter>MathGeoLib\Math</Filter>
    </ClInclude>
    <ClInclude Include="Source Code\Dependencies\MathGeoLib\include\Math\grisu3.h">
      <Filter>MathGeoLib\Math</Filter>
    </ClInclude>
    <ClInclude Include="Source Code\Dependencies\MathGeoLib\include\Math\InclWindows.h">
      <Filter>MathGeoLib\Math</Filter>
    </ClInclude>
    <ClInclude Include="Source Code\Dependencies\MathGeoLib\include\Math\Interpolate.h">
      <Filter>MathGeoLib\Math</Filter>
    </ClInclude>
    <ClInclude Include="Source Code\Dependencies\MathGeoLib\include\Math\MathAll.h">
      <Filter>MathGeoLib\Math</Filter>
    </ClInclude>
    <ClInclude Include="Source Code\Dependencies\MathGeoLib\include\Math\MathConstants.h">
      <Filter>MathGeoLib\Math</Filter>
    </ClInclude>
    <ClInclude Include="Source Code\Dependencies\MathGeoLib\include\Math\MathFunc.h">
      <Filter>MathGeoLib\Math</Filter>
    </ClInclude>
    <ClInclude Include="Source Code\Dependencies\MathGeoLib\include\Math\MathLog.h">
      <Filter>MathGeoLib\Math</Filter>
    </ClInclude>
    <ClInclude Include="Source Code\Dependencies\MathGeoLib\include\Math\MathNamespace.h">
      <Filter>MathGeoLib\Math</Filter>
    </ClInclude>
    <ClInclude Include="Source Code\Dependencies\MathGeoLib\include\Math\MathTypes.h">
      <Filter>MathGeoLib\Math</Filter>
    </ClInclude>
    <ClInclude Include="Source Code\Dependencies\MathGeoLib\include\Math\MatrixProxy.h">
      <Filter>MathGeoLib\Math</Filter>
    </ClInclude>
    <ClInclude Include="Source Code\Dependencies\MathGeoLib\include\Math\MiniFloat.h">
      <Filter>MathGeoLib\Math</Filter>
    </ClInclude>
    <ClInclude Include="Source Code\Dependencies\MathGeoLib\include\Math\MultiLineMacro.h">
      <Filter>MathGeoLib\Math</Filter>
    </ClInclude>
    <ClInclude Include="Source Code\Dependencies\MathGeoLib\include\Math\myassert.h">
      <Filter>MathGeoLib\Math</Filter>
    </ClInclude>
    <ClInclude Include="Source Code\Dependencies\MathGeoLib\include\Math\Polynomial.h">
      <Filter>MathGeoLib\Math</Filter>
    </ClInclude>
    <ClInclude Include="Source Code\Dependencies\MathGeoLib\include\Math\Quat.h">
      <Filter>MathGeoLib\Math</Filter>
    </ClInclude>
    <ClInclude Include="Source Code\Dependencies\MathGeoLib\include\Math\quat_simd.h">
      <Filter>MathGeoLib\Math</Filter>
    </ClInclude>
    <ClInclude Include="Source Code\Dependencies\MathGeoLib\include\Math\Rect.h">
      <Filter>MathGeoLib\Math</Filter>
    </ClInclude>
    <ClInclude Include="Source Code\Dependencies\MathGeoLib\include\Math\Reinterpret.h">
      <Filter>MathGeoLib\Math</Filter>
    </ClInclude>
    <ClInclude Include="Source Code\Dependencies\MathGeoLib\include\Math\simd.h">
      <Filter>MathGeoLib\Math</Filter>
    </ClInclude>
    <ClInclude Include="Source Code\Dependencies\MathGeoLib\include\Math\sse_mathfun.h">
      <Filter>MathGeoLib\Math</Filter>
    </ClInclude>
    <ClInclude Include="Source Code\Dependencies\MathGeoLib\include\Math\SSEMath.h">
      <Filter>MathGeoLib\Math</Filter>
    </ClInclude>
    <ClInclude Include="Source Code\Dependencies\MathGeoLib\include\Math\Swap.h">
      <Filter>MathGeoLib\Math</Filter>
    </ClInclude>
    <ClInclude Include="Source Code\Dependencies\MathGeoLib\include\Math\TransformOps.h">
      <Filter>MathGeoLib\Math</Filter>
    </ClInclude>
    <ClInclude Include="Source Code\Dependencies\MathGeoLib\include\Math\vec2d.h">
      <Filter>MathGeoLib\Math</Filter>
    </ClInclude>
    <ClInclude Include="Source Code\Dependencies\MathGeoLib\include\Time\Clock.h">
      <Filter>MathGeoLib\Time</Filter>
    </ClInclude>
  </ItemGroup>
  <ItemGroup>
    <Filter Include="Source Code">
      <UniqueIdentifier>{ca1b84f0-1f71-4858-adca-31e563807eab}</UniqueIdentifier>
    </Filter>
    <Filter Include="Source Code\Containers">
      <UniqueIdentifier>{7346802d-3141-4827-9dd8-e4fec8b333ea}</UniqueIdentifier>
    </Filter>
    <Filter Include="Source Code\Editor">
      <UniqueIdentifier>{4edd579d-ad9a-49e8-bb24-7de00fe49ce9}</UniqueIdentifier>
    </Filter>
    <Filter Include="Source Code\GameObjects">
      <UniqueIdentifier>{e75f2cd1-58db-4268-8f96-d0c4ead95f1a}</UniqueIdentifier>
    </Filter>
    <Filter Include="Source Code\Importers">
      <UniqueIdentifier>{c0457ca0-32d7-4d37-87fa-d2c3f9ed8062}</UniqueIdentifier>
    </Filter>
    <Filter Include="Source Code\Math">
      <UniqueIdentifier>{fb3c9733-1bea-4bae-8815-7bf2b0366472}</UniqueIdentifier>
    </Filter>
    <Filter Include="Source Code\Modules">
      <UniqueIdentifier>{4a634fb7-fa21-4ebd-a79f-62006022e1b6}</UniqueIdentifier>
    </Filter>
    <Filter Include="Source Code\Tools">
      <UniqueIdentifier>{0ccf0dba-e225-44fa-84d2-2ebc31986d0b}</UniqueIdentifier>
    </Filter>
    <Filter Include="External Libraries">
      <UniqueIdentifier>{893cac6b-bb20-49bf-91ca-4c2f2d00d049}</UniqueIdentifier>
    </Filter>
    <Filter Include="External Libraries\ImGui">
      <UniqueIdentifier>{7deec091-ee5d-4429-9852-19b8f9cf769c}</UniqueIdentifier>
    </Filter>
    <Filter Include="External Libraries\parson">
      <UniqueIdentifier>{3e818494-ad2d-42d3-808c-fadc18a73662}</UniqueIdentifier>
    </Filter>
    <Filter Include="Source Code\GameObjects\Components">
      <UniqueIdentifier>{d3a4a9a3-1b13-42a7-8717-d1b9becc9d07}</UniqueIdentifier>
    </Filter>
    <Filter Include="Source Code\GameObjects\ComponentData">
      <UniqueIdentifier>{df1b5fe8-6a3a-4367-8eb0-3aaea3afdaf3}</UniqueIdentifier>
    </Filter>
    <Filter Include="External Libraries\PhysFS">
      <UniqueIdentifier>{9d598196-06e8-4c26-8e40-298a1cf55dfe}</UniqueIdentifier>
    </Filter>
    <Filter Include="Source Code\GameObjects\Resources">
      <UniqueIdentifier>{699b9b57-45a3-43e5-a1e2-a17e1d3926d8}</UniqueIdentifier>
    </Filter>
    <Filter Include="Source Code\Utils">
      <UniqueIdentifier>{4c7dc9e8-0811-4262-9b9e-198095f82bf4}</UniqueIdentifier>
    </Filter>
    <Filter Include="MathGeoLib">
      <UniqueIdentifier>{66e2642a-fab5-45f3-b014-37c91b4c5c2f}</UniqueIdentifier>
    </Filter>
    <Filter Include="MathGeoLib\Algorithm">
      <UniqueIdentifier>{7af2963d-d4a9-40e4-b4d3-dad47421adcf}</UniqueIdentifier>
    </Filter>
    <Filter Include="MathGeoLib\Algorithm\Random">
      <UniqueIdentifier>{ae4c4aa7-8223-4a03-a5a5-3619fdfad637}</UniqueIdentifier>
    </Filter>
    <Filter Include="MathGeoLib\Geometry">
      <UniqueIdentifier>{bf777dae-c5e3-46ec-8580-abdc135447dd}</UniqueIdentifier>
    </Filter>
    <Filter Include="MathGeoLib\Math">
      <UniqueIdentifier>{f0bff39e-25c3-4f92-a317-860c02e9e75b}</UniqueIdentifier>
    </Filter>
    <Filter Include="MathGeoLib\Time">
      <UniqueIdentifier>{ed1094c7-471b-495d-8669-1b32528dce77}</UniqueIdentifier>
    </Filter>
  </ItemGroup>
  <ItemGroup>
    <None Include="Source Code\Dependencies\MathGeoLib\include\Geometry\KDTree.inl">
      <Filter>MathGeoLib\Geometry</Filter>
    </None>
    <None Include="Source Code\Dependencies\MathGeoLib\include\Geometry\QuadTree.inl">
      <Filter>MathGeoLib\Geometry</Filter>
    </None>
    <None Include="Source Code\Dependencies\MathGeoLib\include\Geometry\TriangleMesh_IntersectRay_AVX.inl">
      <Filter>MathGeoLib\Geometry</Filter>
    </None>
    <None Include="Source Code\Dependencies\MathGeoLib\include\Geometry\TriangleMesh_IntersectRay_CPP.inl">
      <Filter>MathGeoLib\Geometry</Filter>
    </None>
    <None Include="Source Code\Dependencies\MathGeoLib\include\Geometry\TriangleMesh_IntersectRay_SSE.inl">
      <Filter>MathGeoLib\Geometry</Filter>
    </None>
    <None Include="Source Code\Dependencies\MathGeoLib\include\Math\float2.inl">
      <Filter>MathGeoLib\Math</Filter>
    </None>
    <None Include="Source Code\Dependencies\MathGeoLib\include\Math\Matrix.inl">
      <Filter>MathGeoLib\Math</Filter>
    </None>
  </ItemGroup>
</Project>